
Microsoft Visual Studio Solution File, Format Version 12.00
# Visual Studio 2012
Project("{FAE04EC0-301F-11D3-BF4B-00C04F79EFBC}") = "TeamVoice.Api.Client.Sdk", "TeamVoice.Api.Client.Sdk\TeamVoice.Api.Client.Sdk.csproj", "{67AEF397-AC28-4AC7-8D1D-3B484B3397C8}"
EndProject
Project("{FAE04EC0-301F-11D3-BF4B-00C04F79EFBC}") = "TeamVoice.Api.Client.Sdk.Tests", "TeamVoice.Api.Client.Sdk.Tests\TeamVoice.Api.Client.Sdk.Tests.csproj", "{9AA1D9D4-6DD9-422C-BFF0-F9CC96B788CB}"
EndProject
Project("{2150E333-8FDC-42A3-9474-1A3956D46DE8}") = ".nuget", ".nuget", "{FA71D576-2675-48E2-A1BC-E581B28BDC06}"
	ProjectSection(SolutionItems) = preProject
		.nuget\NuGet.Config = .nuget\NuGet.Config
		.nuget\NuGet.exe = .nuget\NuGet.exe
		.nuget\NuGet.targets = .nuget\NuGet.targets
	EndProjectSection
EndProject
Global
	GlobalSection(SubversionScc) = preSolution
		Svn-Managed = True
		Manager = AnkhSVN - Subversion Support for Visual Studio
	EndGlobalSection
	GlobalSection(SolutionConfigurationPlatforms) = preSolution
		Debug|Any CPU = Debug|Any CPU
		Release|Any CPU = Release|Any CPU
	EndGlobalSection
	GlobalSection(ProjectConfigurationPlatforms) = postSolution
		{67AEF397-AC28-4AC7-8D1D-3B484B3397C8}.Debug|Any CPU.ActiveCfg = Debug|Any CPU
		{67AEF397-AC28-4AC7-8D1D-3B484B3397C8}.Debug|Any CPU.Build.0 = Debug|Any CPU
		{67AEF397-AC28-4AC7-8D1D-3B484B3397C8}.Release|Any CPU.ActiveCfg = Release|Any CPU
		{67AEF397-AC28-4AC7-8D1D-3B484B3397C8}.Release|Any CPU.Build.0 = Release|Any CPU
		{9AA1D9D4-6DD9-422C-BFF0-F9CC96B788CB}.Debug|Any CPU.ActiveCfg = Debug|Any CPU
		{9AA1D9D4-6DD9-422C-BFF0-F9CC96B788CB}.Debug|Any CPU.Build.0 = Debug|Any CPU
		{9AA1D9D4-6DD9-422C-BFF0-F9CC96B788CB}.Release|Any CPU.ActiveCfg = Release|Any CPU
		{9AA1D9D4-6DD9-422C-BFF0-F9CC96B788CB}.Release|Any CPU.Build.0 = Release|Any CPU
	EndGlobalSection
	GlobalSection(SolutionProperties) = preSolution
		HideSolutionNode = FALSE
	EndGlobalSection
EndGlobal
